
Microsoft Visual Studio Solution File, Format Version 12.00
# Visual Studio Version 17
VisualStudioVersion = 17.4.33122.133
MinimumVisualStudioVersion = 10.0.40219.1
Project("{FAE04EC0-301F-11D3-BF4B-00C04F79EFBC}") = "WpfApp1", "WpfApp1\WpfApp1.csproj", "{D582FAFF-3F1D-4AA6-9B42-9DAB3BBAA2C5}"
EndProject
Global
	GlobalSection(SolutionConfigurationPlatforms) = preSolution
		Debug|Any CPU = Debug|Any CPU
		Release|Any CPU = Release|Any CPU
	EndGlobalSection
	GlobalSection(ProjectConfigurationPlatforms) = postSolution
		{D582FAFF-3F1D-4AA6-9B42-9DAB3BBAA2C5}.Debug|Any CPU.ActiveCfg = Debug|Any CPU
		{D582FAFF-3F1D-4AA6-9B42-9DAB3BBAA2C5}.Debug|Any CPU.Build.0 = Debug|Any CPU
		{D582FAFF-3F1D-4AA6-9B42-9DAB3BBAA2C5}.Release|Any CPU.ActiveCfg = Release|Any CPU
		{D582FAFF-3F1D-4AA6-9B42-9DAB3BBAA2C5}.Release|Any CPU.Build.0 = Release|Any CPU
	EndGlobalSection
	GlobalSection(SolutionProperties) = preSolution
		HideSolutionNode = FALSE
	EndGlobalSection
	GlobalSection(ExtensibilityGlobals) = postSolution
		SolutionGuid = {DD4546A2-601A-446A-B850-5625DDD0F4E7}
	EndGlobalSection
EndGlobal
